
Microsoft Visual Studio Solution File, Format Version 12.00
# Visual Studio Version 17
VisualStudioVersion = 17.5.002.0
MinimumVisualStudioVersion = 10.0.40219.1
Project("{9A19103F-16F7-4668-BE54-9A1E7A4F7556}") = "RazorPagesFilmes", "RazorPagesFilmes.csproj", "{6A259150-C373-4443-B8EB-912DB476E822}"
EndProject
Global
	GlobalSection(SolutionConfigurationPlatforms) = preSolution
		Debug|Any CPU = Debug|Any CPU
		Release|Any CPU = Release|Any CPU
	EndGlobalSection
	GlobalSection(ProjectConfigurationPlatforms) = postSolution
		{6A259150-C373-4443-B8EB-912DB476E822}.Debug|Any CPU.ActiveCfg = Debug|Any CPU
		{6A259150-C373-4443-B8EB-912DB476E822}.Debug|Any CPU.Build.0 = Debug|Any CPU
		{6A259150-C373-4443-B8EB-912DB476E822}.Release|Any CPU.ActiveCfg = Release|Any CPU
		{6A259150-C373-4443-B8EB-912DB476E822}.Release|Any CPU.Build.0 = Release|Any CPU
	EndGlobalSection
	GlobalSection(SolutionProperties) = preSolution
		HideSolutionNode = FALSE
	EndGlobalSection
	GlobalSection(ExtensibilityGlobals) = postSolution
		SolutionGuid = {24CDD2C5-DA9F-4240-A294-06FFDC94CF65}
	EndGlobalSection
EndGlobal
